# This file is automatically @generated by Poetry 1.8.3 and should not be changed by hand.

[[package]]
name = "paho-mqtt"
version = "2.1.0"
description = "MQTT version 5.0/3.1.1 client class"
optional = false
python-versions = ">=3.7"
files = [
    {file = "paho_mqtt-2.1.0-py3-none-any.whl", hash = "sha256:6db9ba9b34ed5bc6b6e3812718c7e06e2fd7444540df2455d2c51bd58808feee"},
    {file = "paho_mqtt-2.1.0.tar.gz", hash = "sha256:12d6e7511d4137555a3f6ea167ae846af2c7357b10bc6fa4f7c3968fc1723834"},
]

[package.extras]
proxy = ["pysocks"]

[[package]]
name = "protobuf"
version = "4.25.4"
description = ""
optional = false
python-versions = ">=3.8"
files = [
    {file = "protobuf-4.25.4-cp310-abi3-win32.whl", hash = "sha256:db9fd45183e1a67722cafa5c1da3e85c6492a5383f127c86c4c4aa4845867dc4"},
    {file = "protobuf-4.25.4-cp310-abi3-win_amd64.whl", hash = "sha256:ba3d8504116a921af46499471c63a85260c1a5fc23333154a427a310e015d26d"},
    {file = "protobuf-4.25.4-cp37-abi3-macosx_10_9_universal2.whl", hash = "sha256:eecd41bfc0e4b1bd3fa7909ed93dd14dd5567b98c941d6c1ad08fdcab3d6884b"},
    {file = "protobuf-4.25.4-cp37-abi3-manylinux2014_aarch64.whl", hash = "sha256:4c8a70fdcb995dcf6c8966cfa3a29101916f7225e9afe3ced4395359955d3835"},
    {file = "protobuf-4.25.4-cp37-abi3-manylinux2014_x86_64.whl", hash = "sha256:3319e073562e2515c6ddc643eb92ce20809f5d8f10fead3332f71c63be6a7040"},
    {file = "protobuf-4.25.4-cp38-cp38-win32.whl", hash = "sha256:7e372cbbda66a63ebca18f8ffaa6948455dfecc4e9c1029312f6c2edcd86c4e1"},
    {file = "protobuf-4.25.4-cp38-cp38-win_amd64.whl", hash = "sha256:051e97ce9fa6067a4546e75cb14f90cf0232dcb3e3d508c448b8d0e4265b61c1"},
    {file = "protobuf-4.25.4-cp39-cp39-win32.whl", hash = "sha256:90bf6fd378494eb698805bbbe7afe6c5d12c8e17fca817a646cd6a1818c696ca"},
    {file = "protobuf-4.25.4-cp39-cp39-win_amd64.whl", hash = "sha256:ac79a48d6b99dfed2729ccccee547b34a1d3d63289c71cef056653a846a2240f"},
    {file = "protobuf-4.25.4-py3-none-any.whl", hash = "sha256:bfbebc1c8e4793cfd58589acfb8a1026be0003e852b9da7db5a4285bde996978"},
    {file = "protobuf-4.25.4.tar.gz", hash = "sha256:0dc4a62cc4052a036ee2204d26fe4d835c62827c855c8a03f29fe6da146b380d"},
]

[metadata]
lock-version = "2.0"
python-versions = "^3.10"
content-hash = "f84b01041642db44f1613d5bd39e20beb2dd1ce46f12010ba342f1185cab066c"
